
Microsoft Visual Studio Solution File, Format Version 12.00
# Visual Studio Version 16
VisualStudioVersion = 16.0.810.2
MinimumVisualStudioVersion = 10.0.40219.1
Project("{FAE04EC0-301F-11D3-BF4B-00C04F79EFBC}") = "ScrollRevealXFSample.Android", "ScrollRevealXFSample.Android\ScrollRevealXFSample.Android.csproj", "{E3E74E5E-DC3F-48F8-9CEE-BD28498E6D8E}"
EndProject
Project("{FAE04EC0-301F-11D3-BF4B-00C04F79EFBC}") = "ScrollRevealXFSample.iOS", "ScrollRevealXFSample.iOS\ScrollRevealXFSample.iOS.csproj", "{B3C34BB7-0832-4FF6-96FF-B1A77DD6EA6B}"
EndProject
Project("{FAE04EC0-301F-11D3-BF4B-00C04F79EFBC}") = "ScrollRevealXFSample", "ScrollRevealXFSample\ScrollRevealXFSample.csproj", "{0F30967C-8640-428A-8EBF-599E0F7E9909}"
EndProject
Global
	GlobalSection(SolutionConfigurationPlatforms) = preSolution
		Debug|Any CPU = Debug|Any CPU
		Release|Any CPU = Release|Any CPU
		Debug|iPhoneSimulator = Debug|iPhoneSimulator
		Release|iPhoneSimulator = Release|iPhoneSimulator
		Debug|iPhone = Debug|iPhone
		Release|iPhone = Release|iPhone
	EndGlobalSection
	GlobalSection(ProjectConfigurationPlatforms) = postSolution
		{E3E74E5E-DC3F-48F8-9CEE-BD28498E6D8E}.Debug|Any CPU.ActiveCfg = Debug|Any CPU
		{E3E74E5E-DC3F-48F8-9CEE-BD28498E6D8E}.Debug|Any CPU.Build.0 = Debug|Any CPU
		{E3E74E5E-DC3F-48F8-9CEE-BD28498E6D8E}.Release|Any CPU.ActiveCfg = Release|Any CPU
		{E3E74E5E-DC3F-48F8-9CEE-BD28498E6D8E}.Release|Any CPU.Build.0 = Release|Any CPU
		{E3E74E5E-DC3F-48F8-9CEE-BD28498E6D8E}.Debug|iPhoneSimulator.ActiveCfg = Debug|Any CPU
		{E3E74E5E-DC3F-48F8-9CEE-BD28498E6D8E}.Debug|iPhoneSimulator.Build.0 = Debug|Any CPU
		{E3E74E5E-DC3F-48F8-9CEE-BD28498E6D8E}.Release|iPhoneSimulator.ActiveCfg = Release|Any CPU
		{E3E74E5E-DC3F-48F8-9CEE-BD28498E6D8E}.Release|iPhoneSimulator.Build.0 = Release|Any CPU
		{E3E74E5E-DC3F-48F8-9CEE-BD28498E6D8E}.Debug|iPhone.ActiveCfg = Debug|Any CPU
		{E3E74E5E-DC3F-48F8-9CEE-BD28498E6D8E}.Debug|iPhone.Build.0 = Debug|Any CPU
		{E3E74E5E-DC3F-48F8-9CEE-BD28498E6D8E}.Release|iPhone.ActiveCfg = Release|Any CPU
		{E3E74E5E-DC3F-48F8-9CEE-BD28498E6D8E}.Release|iPhone.Build.0 = Release|Any CPU
		{B3C34BB7-0832-4FF6-96FF-B1A77DD6EA6B}.Debug|Any CPU.ActiveCfg = Debug|iPhoneSimulator
		{B3C34BB7-0832-4FF6-96FF-B1A77DD6EA6B}.Debug|Any CPU.Build.0 = Debug|iPhoneSimulator
		{B3C34BB7-0832-4FF6-96FF-B1A77DD6EA6B}.Release|Any CPU.ActiveCfg = Release|iPhoneSimulator
		{B3C34BB7-0832-4FF6-96FF-B1A77DD6EA6B}.Release|Any CPU.Build.0 = Release|iPhoneSimulator
		{B3C34BB7-0832-4FF6-96FF-B1A77DD6EA6B}.Debug|iPhoneSimulator.ActiveCfg = Debug|iPhoneSimulator
		{B3C34BB7-0832-4FF6-96FF-B1A77DD6EA6B}.Debug|iPhoneSimulator.Build.0 = Debug|iPhoneSimulator
		{B3C34BB7-0832-4FF6-96FF-B1A77DD6EA6B}.Release|iPhoneSimulator.ActiveCfg = Release|iPhoneSimulator
		{B3C34BB7-0832-4FF6-96FF-B1A77DD6EA6B}.Release|iPhoneSimulator.Build.0 = Release|iPhoneSimulator
		{B3C34BB7-0832-4FF6-96FF-B1A77DD6EA6B}.Debug|iPhone.ActiveCfg = Debug|iPhone
		{B3C34BB7-0832-4FF6-96FF-B1A77DD6EA6B}.Debug|iPhone.Build.0 = Debug|iPhone
		{B3C34BB7-0832-4FF6-96FF-B1A77DD6EA6B}.Release|iPhone.ActiveCfg = Release|iPhone
		{B3C34BB7-0832-4FF6-96FF-B1A77DD6EA6B}.Release|iPhone.Build.0 = Release|iPhone
		{0F30967C-8640-428A-8EBF-599E0F7E9909}.Debug|Any CPU.ActiveCfg = Debug|Any CPU
		{0F30967C-8640-428A-8EBF-599E0F7E9909}.Debug|Any CPU.Build.0 = Debug|Any CPU
		{0F30967C-8640-428A-8EBF-599E0F7E9909}.Release|Any CPU.ActiveCfg = Release|Any CPU
		{0F30967C-8640-428A-8EBF-599E0F7E9909}.Release|Any CPU.Build.0 = Release|Any CPU
		{0F30967C-8640-428A-8EBF-599E0F7E9909}.Debug|iPhoneSimulator.ActiveCfg = Debug|Any CPU
		{0F30967C-8640-428A-8EBF-599E0F7E9909}.Debug|iPhoneSimulator.Build.0 = Debug|Any CPU
		{0F30967C-8640-428A-8EBF-599E0F7E9909}.Release|iPhoneSimulator.ActiveCfg = Release|Any CPU
		{0F30967C-8640-428A-8EBF-599E0F7E9909}.Release|iPhoneSimulator.Build.0 = Release|Any CPU
		{0F30967C-8640-428A-8EBF-599E0F7E9909}.Debug|iPhone.ActiveCfg = Debug|Any CPU
		{0F30967C-8640-428A-8EBF-599E0F7E9909}.Debug|iPhone.Build.0 = Debug|Any CPU
		{0F30967C-8640-428A-8EBF-599E0F7E9909}.Release|iPhone.ActiveCfg = Release|Any CPU
		{0F30967C-8640-428A-8EBF-599E0F7E9909}.Release|iPhone.Build.0 = Release|Any CPU
	EndGlobalSection
	GlobalSection(SolutionProperties) = preSolution
		HideSolutionNode = FALSE
	EndGlobalSection
	GlobalSection(ExtensibilityGlobals) = postSolution
		SolutionGuid = {E54E1FD4-E788-44D6-96BC-2BAEF1A93542}
	EndGlobalSection
EndGlobal
